version = 1
revision = 2
requires-python = ">=3.12"

[manifest]
requirements = [{ name = "uv" }]

[[package]]
name = "uv"
version = "0.8.2"
source = { registry = "https://pypi.org/simple" }
sdist = { url = "https://files.pythonhosted.org/packages/b0/44/b53ae1f6b08724ddf3ec7125ddb6a381bd64ccdd696e8d87a1db3502aa10/uv-0.8.2.tar.gz", hash = "sha256:1a2c6d332a4c38f7489f08829aea19cd1e276df7f2c6e51ae64ed92f8574cd68", size = 3412893, upload-time = "2025-07-22T20:36:33.108Z" }
wheels = [
    { url = "https://files.pythonhosted.org/packages/f3/40/03c5cd3c9fa0fb53dcce1a39a6a9da6d81f29057cf9c4b9bb850dc58e2fb/uv-0.8.2-py3-none-linux_armv6l.whl", hash = "sha256:a89c9a471fbb436063e79afa919b2fb27462900f0f3781f776d8fd0b874acd56", size = 17875572, upload-time = "2025-07-22T20:35:33.672Z" },
    { url = "https://files.pythonhosted.org/packages/22/13/1d97c67fe666112c4327d6eec8bf39c244931c08848d4c95be0a80017f19/uv-0.8.2-py3-none-macosx_10_12_x86_64.whl", hash = "sha256:a3b147064f69455b4558263228b3fdb053c3d550f25d41b049c4d34f1f77d74c", size = 17948871, upload-time = "2025-07-22T20:35:38.742Z" },
    { url = "https://files.pythonhosted.org/packages/72/ec/0dd7b14f92de906afa3adde0f31e05150d081f1aadce9eb77689e3adc4ca/uv-0.8.2-py3-none-macosx_11_0_arm64.whl", hash = "sha256:ebface4a113c493d953554460429731d44ede2427ba97e606955daadcc6e7ddc", size = 16660631, upload-time = "2025-07-22T20:35:42.323Z" },
    { url = "https://files.pythonhosted.org/packages/fc/bf/4896cde38c29cbca42d1d0f73d80e15e20826968817150323a34c8b23436/uv-0.8.2-py3-none-manylinux_2_17_aarch64.manylinux2014_aarch64.musllinux_1_1_aarch64.whl", hash = "sha256:6fb07dd58a2cb79640109c0604aeec57d1062fad89114c0fda2f9dbe3de3c0bb", size = 17208209, upload-time = "2025-07-22T20:35:45.355Z" },
    { url = "https://files.pythonhosted.org/packages/cc/91/f03b95ee6bb8c7bc4d6596664235992d1931d6e6b1b018acda6aeab69ea2/uv-0.8.2-py3-none-manylinux_2_17_armv7l.manylinux2014_armv7l.whl", hash = "sha256:6af1b0f0f5f1416e94a6b098a595f360303a0024b21cf563d4e6139e6dd72640", size = 17570752, upload-time = "2025-07-22T20:35:48.711Z" },
    { url = "https://files.pythonhosted.org/packages/00/44/3c905c0bce2113a664432c50b7a605eea9f271d126333b2a6c9ec5105ef3/uv-0.8.2-py3-none-manylinux_2_17_i686.manylinux2014_i686.whl", hash = "sha256:3bddf1ceceaddbc3f2cf2ebdad3213482d6dab3d1b452ddfecd35468e3b2f0e6", size = 18207389, upload-time = "2025-07-22T20:35:52.415Z" },
    { url = "https://files.pythonhosted.org/packages/67/b9/8a384dc22db96f54642889fa609192f79cd58447755d90b1163a9ba5d812/uv-0.8.2-py3-none-manylinux_2_17_ppc64.manylinux2014_ppc64.whl", hash = "sha256:bffe304fec46d6c264c3b34d58b3358764b7cc17af13bd421e1cd1300b706f93", size = 19633291, upload-time = "2025-07-22T20:35:56.015Z" },
    { url = "https://files.pythonhosted.org/packages/46/c6/fd7855f0aba4a07a5b7a08b95cd6b9d264b534a3bc5095a4acb55aca1d46/uv-0.8.2-py3-none-manylinux_2_17_ppc64le.manylinux2014_ppc64le.whl", hash = "sha256:7d53b79f8304e98ee082336fc4c204a7892d15f78799ec2d59ceb09b0b82e45d", size = 19381757, upload-time = "2025-07-22T20:36:00.071Z" },
    { url = "https://files.pythonhosted.org/packages/bd/d7/4752b2f6a9aaad324483f433e659b2fe36996015f348fadf172e5056b94e/uv-0.8.2-py3-none-manylinux_2_17_s390x.manylinux2014_s390x.whl", hash = "sha256:0f618b18b19fef09b087f2e637b2138f570a3c41beb3de4bbbb905a8b994a22a", size = 18671374, upload-time = "2025-07-22T20:36:03.672Z" },
    { url = "https://files.pythonhosted.org/packages/59/65/f979657cc773f17d0c1ec4a1d17dc1b0673ab484d00833aa5514982faf63/uv-0.8.2-py3-none-manylinux_2_17_x86_64.manylinux2014_x86_64.whl", hash = "sha256:20f2b1eb4bf8b8197683e057ea9a8f0eb63b682ad20bb232b58529abac73a5ea", size = 18666053, upload-time = "2025-07-22T20:36:07.059Z" },
    { url = "https://files.pythonhosted.org/packages/94/8d/6ff7188911b671e3eedf87ea2ce4f1e39bbbaf27caa74eef92cd9824051d/uv-0.8.2-py3-none-manylinux_2_28_aarch64.whl", hash = "sha256:8d3ae329606ba586d317e9a06dca213619afb407bcc584cf6cff2a9b84cf25a2", size = 17462711, upload-time = "2025-07-22T20:36:10.29Z" },
    { url = "https://files.pythonhosted.org/packages/b4/07/4ce00ce186f2c02ca8708a5532102ffa9e0f87a0346521a4db83a04a56b4/uv-0.8.2-py3-none-musllinux_1_1_armv7l.whl", hash = "sha256:040ceacad98b85f9ca5ab8c8220270e6a60b2136c4889b334dbfcd13812f895f", size = 17534469, upload-time = "2025-07-22T20:36:13.439Z" },
    { url = "https://files.pythonhosted.org/packages/69/ad/bf37f8bea961278ae5719f23a0998dcae17c431a77d3fa9e0d3a9256a2b2/uv-0.8.2-py3-none-musllinux_1_1_i686.whl", hash = "sha256:9f15bcfd21ca66ec93b77e6ff612798dc75d54260e2ec52f07fe897e91f07367", size = 17787669, upload-time = "2025-07-22T20:36:17.053Z" },
    { url = "https://files.pythonhosted.org/packages/03/49/3b7e1c926bcdf1325aba9647cf1831c55ae84d7d2319a74f2d9ad88535fb/uv-0.8.2-py3-none-musllinux_1_1_x86_64.whl", hash = "sha256:9dea45737afec83739189834648b07595ce07f4c201021cc5545ee1759dfe25d", size = 18759496, upload-time = "2025-07-22T20:36:20.371Z" },
    { url = "https://files.pythonhosted.org/packages/d4/74/6b4e52593d1f469250e89ee85964011e9b84b2fc25e15e9353800f36d5ab/uv-0.8.2-py3-none-win32.whl", hash = "sha256:eb37db94c9295bfec77ff65fbc56b9962665d3d5bff0989dcb440c650351ee15", size = 17753486, upload-time = "2025-07-22T20:36:24.074Z" },
    { url = "https://files.pythonhosted.org/packages/79/c8/1d9510c5aeda8c14e6c088f1720e2dd818dc72ed37a0ee40d3d3137aabcf/uv-0.8.2-py3-none-win_amd64.whl", hash = "sha256:0fcaab1172c6fae036a9f16460a71812f7a427b3d3779f99457c2d537a3fc250", size = 19503370, upload-time = "2025-07-22T20:36:27.505Z" },
    { url = "https://files.pythonhosted.org/packages/00/38/8907e8fc94e3c040759180e81d30414734cbee6e575dae7ce9dc9cb1e0fc/uv-0.8.2-py3-none-win_arm64.whl", hash = "sha256:af35c0fe23907fc0518832243b561f623a48a058a75ab552204f87960793321b", size = 18145751, upload-time = "2025-07-22T20:36:30.826Z" },
]
